
Microsoft Visual Studio Solution File, Format Version 12.00
# Visual Studio Version 17
VisualStudioVersion = 17.6.33723.286
MinimumVisualStudioVersion = 10.0.40219.1
Project("{FAE04EC0-301F-11D3-BF4B-00C04F79EFBC}") = "HokkaidoBookshop", "HokkaidoBookshop\HokkaidoBookshop.csproj", "{71A603C9-8F8A-40F9-B89B-D880C12DC09B}"
EndProject
Global
	GlobalSection(SolutionConfigurationPlatforms) = preSolution
		Debug|Any CPU = Debug|Any CPU
		Release|Any CPU = Release|Any CPU
	EndGlobalSection
	GlobalSection(ProjectConfigurationPlatforms) = postSolution
		{71A603C9-8F8A-40F9-B89B-D880C12DC09B}.Debug|Any CPU.ActiveCfg = Debug|Any CPU
		{71A603C9-8F8A-40F9-B89B-D880C12DC09B}.Debug|Any CPU.Build.0 = Debug|Any CPU
		{71A603C9-8F8A-40F9-B89B-D880C12DC09B}.Release|Any CPU.ActiveCfg = Release|Any CPU
		{71A603C9-8F8A-40F9-B89B-D880C12DC09B}.Release|Any CPU.Build.0 = Release|Any CPU
	EndGlobalSection
	GlobalSection(SolutionProperties) = preSolution
		HideSolutionNode = FALSE
	EndGlobalSection
	GlobalSection(ExtensibilityGlobals) = postSolution
		SolutionGuid = {A1E54001-00E1-4FD4-BE9F-D9C0A9E9BF01}
	EndGlobalSection
EndGlobal
